
Microsoft Visual Studio Solution File, Format Version 12.00
# Visual Studio Version 17
VisualStudioVersion = 17.4.33213.308
MinimumVisualStudioVersion = 10.0.40219.1
Project("{FAE04EC0-301F-11D3-BF4B-00C04F79EFBC}") = "base64", "base64\base64.csproj", "{BA1A8990-0935-4C6A-82E6-E8DE7CABAC0D}"
EndProject
Global
	GlobalSection(SolutionConfigurationPlatforms) = preSolution
		Debug|Any CPU = Debug|Any CPU
		Release|Any CPU = Release|Any CPU
	EndGlobalSection
	GlobalSection(ProjectConfigurationPlatforms) = postSolution
		{BA1A8990-0935-4C6A-82E6-E8DE7CABAC0D}.Debug|Any CPU.ActiveCfg = Debug|Any CPU
		{BA1A8990-0935-4C6A-82E6-E8DE7CABAC0D}.Debug|Any CPU.Build.0 = Debug|Any CPU
		{BA1A8990-0935-4C6A-82E6-E8DE7CABAC0D}.Release|Any CPU.ActiveCfg = Release|Any CPU
		{BA1A8990-0935-4C6A-82E6-E8DE7CABAC0D}.Release|Any CPU.Build.0 = Release|Any CPU
	EndGlobalSection
	GlobalSection(SolutionProperties) = preSolution
		HideSolutionNode = FALSE
	EndGlobalSection
	GlobalSection(ExtensibilityGlobals) = postSolution
		SolutionGuid = {22685138-4716-4F60-9605-462FDD870780}
	EndGlobalSection
EndGlobal
